
Microsoft Visual Studio Solution File, Format Version 12.00
# Visual Studio Version 17
VisualStudioVersion = 17.5.002.0
MinimumVisualStudioVersion = 10.0.40219.1
Project("{9A19103F-16F7-4668-BE54-9A1E7A4F7556}") = "GraphStore", "GraphStore.csproj", "{D09B0BFB-C910-46EC-90A4-3A2FA0670DDB}"
EndProject
Global
	GlobalSection(SolutionConfigurationPlatforms) = preSolution
		Debug|Any CPU = Debug|Any CPU
		Release|Any CPU = Release|Any CPU
	EndGlobalSection
	GlobalSection(ProjectConfigurationPlatforms) = postSolution
		{D09B0BFB-C910-46EC-90A4-3A2FA0670DDB}.Debug|Any CPU.ActiveCfg = Debug|Any CPU
		{D09B0BFB-C910-46EC-90A4-3A2FA0670DDB}.Debug|Any CPU.Build.0 = Debug|Any CPU
		{D09B0BFB-C910-46EC-90A4-3A2FA0670DDB}.Release|Any CPU.ActiveCfg = Release|Any CPU
		{D09B0BFB-C910-46EC-90A4-3A2FA0670DDB}.Release|Any CPU.Build.0 = Release|Any CPU
	EndGlobalSection
	GlobalSection(SolutionProperties) = preSolution
		HideSolutionNode = FALSE
	EndGlobalSection
	GlobalSection(ExtensibilityGlobals) = postSolution
		SolutionGuid = {200849A4-4944-4547-8DF9-89EBC2C430B2}
	EndGlobalSection
EndGlobal
