
Microsoft Visual Studio Solution File, Format Version 12.00
# Visual Studio Version 17
VisualStudioVersion = 17.11.35303.130
MinimumVisualStudioVersion = 10.0.40219.1
Project("{FAE04EC0-301F-11D3-BF4B-00C04F79EFBC}") = "MongoDbCounter", "MongoDbCounter.csproj", "{96E59966-222F-49AA-9D2E-70EC1A27AF24}"
EndProject
Global
	GlobalSection(SolutionConfigurationPlatforms) = preSolution
		Debug|Any CPU = Debug|Any CPU
		Release|Any CPU = Release|Any CPU
	EndGlobalSection
	GlobalSection(ProjectConfigurationPlatforms) = postSolution
		{96E59966-222F-49AA-9D2E-70EC1A27AF24}.Debug|Any CPU.ActiveCfg = Debug|Any CPU
		{96E59966-222F-49AA-9D2E-70EC1A27AF24}.Debug|Any CPU.Build.0 = Debug|Any CPU
		{96E59966-222F-49AA-9D2E-70EC1A27AF24}.Release|Any CPU.ActiveCfg = Release|Any CPU
		{96E59966-222F-49AA-9D2E-70EC1A27AF24}.Release|Any CPU.Build.0 = Release|Any CPU
	EndGlobalSection
	GlobalSection(SolutionProperties) = preSolution
		HideSolutionNode = FALSE
	EndGlobalSection
	GlobalSection(ExtensibilityGlobals) = postSolution
		SolutionGuid = {70958D21-829F-4EA7-9714-1F6CFE243281}
	EndGlobalSection
EndGlobal
