
Microsoft Visual Studio Solution File, Format Version 12.00
# Visual Studio Version 17
VisualStudioVersion = 17.11.35303.130
MinimumVisualStudioVersion = 10.0.40219.1
Project("{FAE04EC0-301F-11D3-BF4B-00C04F79EFBC}") = "massiveCounterIncrement", "massiveCounterIncrement.csproj", "{C6CCE29B-3EDC-4C65-BAA8-FDF0B68AEDB8}"
EndProject
Global
	GlobalSection(SolutionConfigurationPlatforms) = preSolution
		Debug|Any CPU = Debug|Any CPU
		Release|Any CPU = Release|Any CPU
	EndGlobalSection
	GlobalSection(ProjectConfigurationPlatforms) = postSolution
		{C6CCE29B-3EDC-4C65-BAA8-FDF0B68AEDB8}.Debug|Any CPU.ActiveCfg = Debug|Any CPU
		{C6CCE29B-3EDC-4C65-BAA8-FDF0B68AEDB8}.Debug|Any CPU.Build.0 = Debug|Any CPU
		{C6CCE29B-3EDC-4C65-BAA8-FDF0B68AEDB8}.Release|Any CPU.ActiveCfg = Release|Any CPU
		{C6CCE29B-3EDC-4C65-BAA8-FDF0B68AEDB8}.Release|Any CPU.Build.0 = Release|Any CPU
	EndGlobalSection
	GlobalSection(SolutionProperties) = preSolution
		HideSolutionNode = FALSE
	EndGlobalSection
	GlobalSection(ExtensibilityGlobals) = postSolution
		SolutionGuid = {4EE913FB-9C80-484D-86CE-B50C4C74303A}
	EndGlobalSection
EndGlobal
